// !$*UTF8*$!
{
	archiveVersion = 1;
	classes = {
	};
	objectVersion = 46;
	objects = {

/* Begin PBXBuildFile section */
		83BD732815EEE31D0092F0EE /* UIKit.framework in Frameworks */ = {isa = PBXBuildFile; fileRef = 83BD732715EEE31D0092F0EE /* UIKit.framework */; };
		83BD732A15EEE31D0092F0EE /* Foundation.framework in Frameworks */ = {isa = PBXBuildFile; fileRef = 83BD732915EEE31D0092F0EE /* Foundation.framework */; };
		83BD732C15EEE31D0092F0EE /* CoreGraphics.framework in Frameworks */ = {isa = PBXBuildFile; fileRef = 83BD732B15EEE31D0092F0EE /* CoreGraphics.framework */; };
		83BD733215EEE31D0092F0EE /* InfoPlist.strings in Resources */ = {isa = PBXBuildFile; fileRef = 83BD733015EEE31D0092F0EE /* InfoPlist.strings */; };
		83BD733415EEE31D0092F0EE /* main.m in Sources */ = {isa = PBXBuildFile; fileRef = 83BD733315EEE31D0092F0EE /* main.m */; };
		83BD733815EEE31D0092F0EE /* SKAppDelegate.m in Sources */ = {isa = PBXBuildFile; fileRef = 83BD733715EEE31D0092F0EE /* SKAppDelegate.m */; };
		83BD733B15EEE31D0092F0EE /* MainStoryboard.storyboard in Resources */ = {isa = PBXBuildFile; fileRef = 83BD733915EEE31D0092F0EE /* MainStoryboard.storyboard */; };
		83BD733E15EEE31D0092F0EE /* SKViewController.m in Sources */ = {isa = PBXBuildFile; fileRef = 83BD733D15EEE31D0092F0EE /* SKViewController.m */; };
		83BD734815EEE3DB0092F0EE /* SKMenuViewController.mm in Sources */ = {isa = PBXBuildFile; fileRef = 83BD734715EEE3DA0092F0EE /* SKMenuViewController.mm */; };
/* End PBXBuildFile section */

/* Begin PBXFileReference section */
		83BD732315EEE31D0092F0EE /* SKMenu.app */ = {isa = PBXFileReference; explicitFileType = wrapper.application; includeInIndex = 0; path = SKMenu.app; sourceTree = BUILT_PRODUCTS_DIR; };
		83BD732715EEE31D0092F0EE /* UIKit.framework */ = {isa = PBXFileReference; lastKnownFileType = wrapper.framework; name = UIKit.framework; path = System/Library/Frameworks/UIKit.framework; sourceTree = SDKROOT; };
		83BD732915EEE31D0092F0EE /* Foundation.framework */ = {isa = PBXFileReference; lastKnownFileType = wrapper.framework; name = Foundation.framework; path = System/Library/Frameworks/Foundation.framework; sourceTree = SDKROOT; };
		83BD732B15EEE31D0092F0EE /* CoreGraphics.framework */ = {isa = PBXFileReference; lastKnownFileType = wrapper.framework; name = CoreGraphics.framework; path = System/Library/Frameworks/CoreGraphics.framework; sourceTree = SDKROOT; };
		83BD732F15EEE31D0092F0EE /* SKMenu-Info.plist */ = {isa = PBXFileReference; lastKnownFileType = text.plist.xml; path = "SKMenu-Info.plist"; sourceTree = "<group>"; };
		83BD733115EEE31D0092F0EE /* en */ = {isa = PBXFileReference; lastKnownFileType = text.plist.strings; name = en; path = en.lproj/InfoPlist.strings; sourceTree = "<group>"; };
		83BD733315EEE31D0092F0EE /* main.m */ = {isa = PBXFileReference; lastKnownFileType = sourcecode.c.objc; path = main.m; sourceTree = "<group>"; };
		83BD733515EEE31D0092F0EE /* SKMenu-Prefix.pch */ = {isa = PBXFileReference; lastKnownFileType = sourcecode.c.h; path = "SKMenu-Prefix.pch"; sourceTree = "<group>"; };
		83BD733615EEE31D0092F0EE /* SKAppDelegate.h */ = {isa = PBXFileReference; lastKnownFileType = sourcecode.c.h; path = SKAppDelegate.h; sourceTree = "<group>"; };
		83BD733715EEE31D0092F0EE /* SKAppDelegate.m */ = {isa = PBXFileReference; lastKnownFileType = sourcecode.c.objc; path = SKAppDelegate.m; sourceTree = "<group>"; };
		83BD733A15EEE31D0092F0EE /* en */ = {isa = PBXFileReference; lastKnownFileType = file.storyboard; name = en; path = en.lproj/MainStoryboard.storyboard; sourceTree = "<group>"; };
		83BD733C15EEE31D0092F0EE /* SKViewController.h */ = {isa = PBXFileReference; lastKnownFileType = sourcecode.c.h; path = SKViewController.h; sourceTree = "<group>"; };
		83BD733D15EEE31D0092F0EE /* SKViewController.m */ = {isa = PBXFileReference; lastKnownFileType = sourcecode.c.objc; path = SKViewController.m; sourceTree = "<group>"; };
		83BD734615EEE3DA0092F0EE /* SKMenuViewController.h */ = {isa = PBXFileReference; fileEncoding = 4; lastKnownFileType = sourcecode.c.h; path = SKMenuViewController.h; sourceTree = SOURCE_ROOT; };
		83BD734715EEE3DA0092F0EE /* SKMenuViewController.mm */ = {isa = PBXFileReference; fileEncoding = 4; lastKnownFileType = sourcecode.cpp.objcpp; path = SKMenuViewController.mm; sourceTree = SOURCE_ROOT; };
/* End PBXFileReference section */

/* Begin PBXFrameworksBuildPhase section */
		83BD732015EEE31D0092F0EE /* Frameworks */ = {
			isa = PBXFrameworksBuildPhase;
			buildActionMask = 2147483647;
			files = (
				83BD732815EEE31D0092F0EE /* UIKit.framework in Frameworks */,
				83BD732A15EEE31D0092F0EE /* Foundation.framework in Frameworks */,
				83BD732C15EEE31D0092F0EE /* CoreGraphics.framework in Frameworks */,
			);
			runOnlyForDeploymentPostprocessing = 0;
		};
/* End PBXFrameworksBuildPhase section */

/* Begin PBXGroup section */
		83BD731815EEE31D0092F0EE = {
			isa = PBXGroup;
			children = (
				83BD732D15EEE31D0092F0EE /* SKMenu */,
				83BD732615EEE31D0092F0EE /* Frameworks */,
				83BD732415EEE31D0092F0EE /* Products */,
			);
			sourceTree = "<group>";
		};
		83BD732415EEE31D0092F0EE /* Products */ = {
			isa = PBXGroup;
			children = (
				83BD732315EEE31D0092F0EE /* SKMenu.app */,
			);
			name = Products;
			sourceTree = "<group>";
		};
		83BD732615EEE31D0092F0EE /* Frameworks */ = {
			isa = PBXGroup;
			children = (
				83BD732715EEE31D0092F0EE /* UIKit.framework */,
				83BD732915EEE31D0092F0EE /* Foundation.framework */,
				83BD732B15EEE31D0092F0EE /* CoreGraphics.framework */,
			);
			name = Frameworks;
			sourceTree = "<group>";
		};
		83BD732D15EEE31D0092F0EE /* SKMenu */ = {
			isa = PBXGroup;
			children = (
				83BD733615EEE31D0092F0EE /* SKAppDelegate.h */,
				83BD733715EEE31D0092F0EE /* SKAppDelegate.m */,
				83BD733915EEE31D0092F0EE /* MainStoryboard.storyboard */,
				83BD733C15EEE31D0092F0EE /* SKViewController.h */,
				83BD733D15EEE31D0092F0EE /* SKViewController.m */,
				83BD732E15EEE31D0092F0EE /* Supporting Files */,
				83BD734615EEE3DA0092F0EE /* SKMenuViewController.h */,
				83BD734715EEE3DA0092F0EE /* SKMenuViewController.mm */,
			);
			path = SKMenu;
			sourceTree = "<group>";
		};
		83BD732E15EEE31D0092F0EE /* Supporting Files */ = {
			isa = PBXGroup;
			children = (
				83BD732F15EEE31D0092F0EE /* SKMenu-Info.plist */,
				83BD733015EEE31D0092F0EE /* InfoPlist.strings */,
				83BD733315EEE31D0092F0EE /* main.m */,
				83BD733515EEE31D0092F0EE /* SKMenu-Prefix.pch */,
			);
			name = "Supporting Files";
			sourceTree = "<group>";
		};
/* End PBXGroup section */

/* Begin PBXNativeTarget section */
		83BD732215EEE31D0092F0EE /* SKMenu */ = {
			isa = PBXNativeTarget;
			buildConfigurationList = 83BD734115EEE31D0092F0EE /* Build configuration list for PBXNativeTarget "SKMenu" */;
			buildPhases = (
				83BD731F15EEE31D0092F0EE /* Sources */,
				83BD732015EEE31D0092F0EE /* Frameworks */,
				83BD732115EEE31D0092F0EE /* Resources */,
			);
			buildRules = (
			);
			dependencies = (
			);
			name = SKMenu;
			productName = SKMenu;
			productReference = 83BD732315EEE31D0092F0EE /* SKMenu.app */;
			productType = "com.apple.product-type.application";
		};
/* End PBXNativeTarget section */

/* Begin PBXProject section */
		83BD731A15EEE31D0092F0EE /* Project object */ = {
			isa = PBXProject;
			attributes = {
				CLASSPREFIX = SK;
				LastUpgradeCheck = 0440;
				ORGANIZATIONNAME = "Shinji Kobayashi";
			};
			buildConfigurationList = 83BD731D15EEE31D0092F0EE /* Build configuration list for PBXProject "SKMenu" */;
			compatibilityVersion = "Xcode 3.2";
			developmentRegion = English;
			hasScannedForEncodings = 0;
			knownRegions = (
				en,
			);
			mainGroup = 83BD731815EEE31D0092F0EE;
			productRefGroup = 83BD732415EEE31D0092F0EE /* Products */;
			projectDirPath = "";
			projectRoot = "";
			targets = (
				83BD732215EEE31D0092F0EE /* SKMenu */,
			);
		};
/* End PBXProject section */

/* Begin PBXResourcesBuildPhase section */
		83BD732115EEE31D0092F0EE /* Resources */ = {
			isa = PBXResourcesBuildPhase;
			buildActionMask = 2147483647;
			files = (
				83BD733215EEE31D0092F0EE /* InfoPlist.strings in Resources */,
				83BD733B15EEE31D0092F0EE /* MainStoryboard.storyboard in Resources */,
			);
			runOnlyForDeploymentPostprocessing = 0;
		};
/* End PBXResourcesBuildPhase section */

/* Begin PBXSourcesBuildPhase section */
		83BD731F15EEE31D0092F0EE /* Sources */ = {
			isa = PBXSourcesBuildPhase;
			buildActionMask = 2147483647;
			files = (
				83BD733415EEE31D0092F0EE /* main.m in Sources */,
				83BD733815EEE31D0092F0EE /* SKAppDelegate.m in Sources */,
				83BD733E15EEE31D0092F0EE /* SKViewController.m in Sources */,
				83BD734815EEE3DB0092F0EE /* SKMenuViewController.mm in Sources */,
			);
			runOnlyForDeploymentPostprocessing = 0;
		};
/* End PBXSourcesBuildPhase section */

/* Begin PBXVariantGroup section */
		83BD733015EEE31D0092F0EE /* InfoPlist.strings */ = {
			isa = PBXVariantGroup;
			children = (
				83BD733115EEE31D0092F0EE /* en */,
			);
			name = InfoPlist.strings;
			sourceTree = "<group>";
		};
		83BD733915EEE31D0092F0EE /* MainStoryboard.storyboard */ = {
			isa = PBXVariantGroup;
			children = (
				83BD733A15EEE31D0092F0EE /* en */,
			);
			name = MainStoryboard.storyboard;
			sourceTree = "<group>";
		};
/* End PBXVariantGroup section */

/* Begin XCBuildConfiguration section */
		83BD733F15EEE31D0092F0EE /* Debug */ = {
			isa = XCBuildConfiguration;
			buildSettings = {
				ALWAYS_SEARCH_USER_PATHS = NO;
				ARCHS = "$(ARCHS_STANDARD_32_BIT)";
				CLANG_CXX_LANGUAGE_STANDARD = "gnu++0x";
				CLANG_ENABLE_OBJC_ARC = YES;
				CLANG_WARN__DUPLICATE_METHOD_MATCH = YES;
				"CODE_SIGN_IDENTITY[sdk=iphoneos*]" = "iPhone Developer";
				COPY_PHASE_STRIP = NO;
				GCC_C_LANGUAGE_STANDARD = gnu99;
				GCC_DYNAMIC_NO_PIC = NO;
				GCC_OPTIMIZATION_LEVEL = 0;
				GCC_PREPROCESSOR_DEFINITIONS = (
					"DEBUG=1",
					"$(inherited)",
				);
				GCC_SYMBOLS_PRIVATE_EXTERN = NO;
				GCC_VERSION = com.apple.compilers.llvm.clang.1_0;
				GCC_WARN_ABOUT_RETURN_TYPE = YES;
				GCC_WARN_UNINITIALIZED_AUTOS = YES;
				GCC_WARN_UNUSED_VARIABLE = YES;
				IPHONEOS_DEPLOYMENT_TARGET = 5.1;
				SDKROOT = iphoneos;
			};
			name = Debug;
		};
		83BD734015EEE31D0092F0EE /* Release */ = {
			isa = XCBuildConfiguration;
			buildSettings = {
				ALWAYS_SEARCH_USER_PATHS = NO;
				ARCHS = "$(ARCHS_STANDARD_32_BIT)";
				CLANG_CXX_LANGUAGE_STANDARD = "gnu++0x";
				CLANG_ENABLE_OBJC_ARC = YES;
				CLANG_WARN__DUPLICATE_METHOD_MATCH = YES;
				"CODE_SIGN_IDENTITY[sdk=iphoneos*]" = "iPhone Developer";
				COPY_PHASE_STRIP = YES;
				GCC_C_LANGUAGE_STANDARD = gnu99;
				GCC_VERSION = com.apple.compilers.llvm.clang.1_0;
				GCC_WARN_ABOUT_RETURN_TYPE = YES;
				GCC_WARN_UNINITIALIZED_AUTOS = YES;
				GCC_WARN_UNUSED_VARIABLE = YES;
				IPHONEOS_DEPLOYMENT_TARGET = 5.1;
				OTHER_CFLAGS = "-DNS_BLOCK_ASSERTIONS=1";
				SDKROOT = iphoneos;
				VALIDATE_PRODUCT = YES;
			};
			name = Release;
		};
		83BD734215EEE31D0092F0EE /* Debug */ = {
			isa = XCBuildConfiguration;
			buildSettings = {
				GCC_PRECOMPILE_PREFIX_HEADER = YES;
				GCC_PREFIX_HEADER = "SKMenu/SKMenu-Prefix.pch";
				INFOPLIST_FILE = "SKMenu/SKMenu-Info.plist";
				PRODUCT_NAME = "$(TARGET_NAME)";
				WRAPPER_EXTENSION = app;
			};
			name = Debug;
		};
		83BD734315EEE31D0092F0EE /* Release */ = {
			isa = XCBuildConfiguration;
			buildSettings = {
				GCC_PRECOMPILE_PREFIX_HEADER = YES;
				GCC_PREFIX_HEADER = "SKMenu/SKMenu-Prefix.pch";
				INFOPLIST_FILE = "SKMenu/SKMenu-Info.plist";
				PRODUCT_NAME = "$(TARGET_NAME)";
				WRAPPER_EXTENSION = app;
			};
			name = Release;
		};
/* End XCBuildConfiguration section */

/* Begin XCConfigurationList section */
		83BD731D15EEE31D0092F0EE /* Build configuration list for PBXProject "SKMenu" */ = {
			isa = XCConfigurationList;
			buildConfigurations = (
				83BD733F15EEE31D0092F0EE /* Debug */,
				83BD734015EEE31D0092F0EE /* Release */,
			);
			defaultConfigurationIsVisible = 0;
			defaultConfigurationName = Release;
		};
		83BD734115EEE31D0092F0EE /* Build configuration list for PBXNativeTarget "SKMenu" */ = {
			isa = XCConfigurationList;
			buildConfigurations = (
				83BD734215EEE31D0092F0EE /* Debug */,
				83BD734315EEE31D0092F0EE /* Release */,
			);
			defaultConfigurationIsVisible = 0;
			defaultConfigurationName = Release;
		};
/* End XCConfigurationList section */
	};
	rootObject = 83BD731A15EEE31D0092F0EE /* Project object */;
}
